
Microsoft Visual Studio Solution File, Format Version 12.00
# Visual Studio Version 16
VisualStudioVersion = 16.0.31112.23
MinimumVisualStudioVersion = 10.0.40219.1
Project("{FAE04EC0-301F-11D3-BF4B-00C04F79EFBC}") = "Numeros", "Numeros\Numeros.csproj", "{C01C5145-57F3-46B5-9207-6B2A07577072}"
EndProject
Global
	GlobalSection(SolutionConfigurationPlatforms) = preSolution
		Debug|Any CPU = Debug|Any CPU
		Release|Any CPU = Release|Any CPU
	EndGlobalSection
	GlobalSection(ProjectConfigurationPlatforms) = postSolution
		{C01C5145-57F3-46B5-9207-6B2A07577072}.Debug|Any CPU.ActiveCfg = Debug|Any CPU
		{C01C5145-57F3-46B5-9207-6B2A07577072}.Debug|Any CPU.Build.0 = Debug|Any CPU
		{C01C5145-57F3-46B5-9207-6B2A07577072}.Release|Any CPU.ActiveCfg = Release|Any CPU
		{C01C5145-57F3-46B5-9207-6B2A07577072}.Release|Any CPU.Build.0 = Release|Any CPU
	EndGlobalSection
	GlobalSection(SolutionProperties) = preSolution
		HideSolutionNode = FALSE
	EndGlobalSection
	GlobalSection(ExtensibilityGlobals) = postSolution
		SolutionGuid = {50F60B00-8844-40D6-98C4-2D84340B9E8E}
	EndGlobalSection
EndGlobal
